
Microsoft Visual Studio Solution File, Format Version 12.00
# Visual Studio Version 16
VisualStudioVersion = 16.0.28803.202
MinimumVisualStudioVersion = 10.0.40219.1
Project("{9A19103F-16F7-4668-BE54-9A1E7A4F7556}") = "UntisExportService.Core", "UntisExportService.Core\UntisExportService.Core.csproj", "{6DB65D9A-3FB7-4854-9959-BBC4BCD592A8}"
EndProject
Project("{9A19103F-16F7-4668-BE54-9A1E7A4F7556}") = "UntisExportService.Console", "UntisExportService.Console\UntisExportService.Console.csproj", "{5E95B929-9069-4054-B4BA-DD2D2D4E0C77}"
EndProject
Project("{930C7802-8A8C-48F9-8165-68863BCCD9DD}") = "UntisExportService.Installer", "UntisExportService.Installer\UntisExportService.Installer.wixproj", "{64AB98DE-043E-4E36-939A-8A66AE720DD2}"
EndProject
Project("{9A19103F-16F7-4668-BE54-9A1E7A4F7556}") = "UntisExportService.WindowsService", "UntisExportService.WindowsService\UntisExportService.WindowsService.csproj", "{4F68A87B-B1C1-49AD-B161-3E4E493401FA}"
EndProject
Project("{9A19103F-16F7-4668-BE54-9A1E7A4F7556}") = "UntisExportService.Gui", "UntisExportService.Gui\UntisExportService.Gui.csproj", "{BCE5082F-84C5-4706-BD29-45DF203E7161}"
EndProject
Project("{9A19103F-16F7-4668-BE54-9A1E7A4F7556}") = "TaskDialog", "TaskDialog\TaskDialog\TaskDialog.csproj", "{627A038E-8C32-4005-8D82-A5AA32B5E5EC}"
EndProject
Global
	GlobalSection(SolutionConfigurationPlatforms) = preSolution
		Debug|Any CPU = Debug|Any CPU
		Debug|x64 = Debug|x64
		Release|Any CPU = Release|Any CPU
		Release|x64 = Release|x64
	EndGlobalSection
	GlobalSection(ProjectConfigurationPlatforms) = postSolution
		{6DB65D9A-3FB7-4854-9959-BBC4BCD592A8}.Debug|Any CPU.ActiveCfg = Debug|Any CPU
		{6DB65D9A-3FB7-4854-9959-BBC4BCD592A8}.Debug|Any CPU.Build.0 = Debug|Any CPU
		{6DB65D9A-3FB7-4854-9959-BBC4BCD592A8}.Debug|x64.ActiveCfg = Debug|x64
		{6DB65D9A-3FB7-4854-9959-BBC4BCD592A8}.Debug|x64.Build.0 = Debug|x64
		{6DB65D9A-3FB7-4854-9959-BBC4BCD592A8}.Release|Any CPU.ActiveCfg = Release|Any CPU
		{6DB65D9A-3FB7-4854-9959-BBC4BCD592A8}.Release|Any CPU.Build.0 = Release|Any CPU
		{6DB65D9A-3FB7-4854-9959-BBC4BCD592A8}.Release|x64.ActiveCfg = Release|x64
		{6DB65D9A-3FB7-4854-9959-BBC4BCD592A8}.Release|x64.Build.0 = Release|x64
		{5E95B929-9069-4054-B4BA-DD2D2D4E0C77}.Debug|Any CPU.ActiveCfg = Debug|x64
		{5E95B929-9069-4054-B4BA-DD2D2D4E0C77}.Debug|x64.ActiveCfg = Debug|x64
		{5E95B929-9069-4054-B4BA-DD2D2D4E0C77}.Debug|x64.Build.0 = Debug|x64
		{5E95B929-9069-4054-B4BA-DD2D2D4E0C77}.Release|Any CPU.ActiveCfg = Release|x64
		{5E95B929-9069-4054-B4BA-DD2D2D4E0C77}.Release|x64.ActiveCfg = Release|x64
		{5E95B929-9069-4054-B4BA-DD2D2D4E0C77}.Release|x64.Build.0 = Release|x64
		{64AB98DE-043E-4E36-939A-8A66AE720DD2}.Debug|Any CPU.ActiveCfg = Debug|x64
		{64AB98DE-043E-4E36-939A-8A66AE720DD2}.Debug|x64.ActiveCfg = Debug|x64
		{64AB98DE-043E-4E36-939A-8A66AE720DD2}.Debug|x64.Build.0 = Debug|x64
		{64AB98DE-043E-4E36-939A-8A66AE720DD2}.Release|Any CPU.ActiveCfg = Release|x64
		{64AB98DE-043E-4E36-939A-8A66AE720DD2}.Release|x64.ActiveCfg = Release|x64
		{64AB98DE-043E-4E36-939A-8A66AE720DD2}.Release|x64.Build.0 = Release|x64
		{4F68A87B-B1C1-49AD-B161-3E4E493401FA}.Debug|Any CPU.ActiveCfg = Debug|Any CPU
		{4F68A87B-B1C1-49AD-B161-3E4E493401FA}.Debug|Any CPU.Build.0 = Debug|Any CPU
		{4F68A87B-B1C1-49AD-B161-3E4E493401FA}.Debug|x64.ActiveCfg = Debug|x64
		{4F68A87B-B1C1-49AD-B161-3E4E493401FA}.Debug|x64.Build.0 = Debug|x64
		{4F68A87B-B1C1-49AD-B161-3E4E493401FA}.Release|Any CPU.ActiveCfg = Release|Any CPU
		{4F68A87B-B1C1-49AD-B161-3E4E493401FA}.Release|Any CPU.Build.0 = Release|Any CPU
		{4F68A87B-B1C1-49AD-B161-3E4E493401FA}.Release|x64.ActiveCfg = Release|x64
		{4F68A87B-B1C1-49AD-B161-3E4E493401FA}.Release|x64.Build.0 = Release|x64
		{BCE5082F-84C5-4706-BD29-45DF203E7161}.Debug|Any CPU.ActiveCfg = Debug|Any CPU
		{BCE5082F-84C5-4706-BD29-45DF203E7161}.Debug|Any CPU.Build.0 = Debug|Any CPU
		{BCE5082F-84C5-4706-BD29-45DF203E7161}.Debug|x64.ActiveCfg = Debug|Any CPU
		{BCE5082F-84C5-4706-BD29-45DF203E7161}.Debug|x64.Build.0 = Debug|Any CPU
		{BCE5082F-84C5-4706-BD29-45DF203E7161}.Release|Any CPU.ActiveCfg = Release|Any CPU
		{BCE5082F-84C5-4706-BD29-45DF203E7161}.Release|Any CPU.Build.0 = Release|Any CPU
		{BCE5082F-84C5-4706-BD29-45DF203E7161}.Release|x64.ActiveCfg = Release|x64
		{BCE5082F-84C5-4706-BD29-45DF203E7161}.Release|x64.Build.0 = Release|x64
		{627A038E-8C32-4005-8D82-A5AA32B5E5EC}.Debug|Any CPU.ActiveCfg = Debug|Any CPU
		{627A038E-8C32-4005-8D82-A5AA32B5E5EC}.Debug|Any CPU.Build.0 = Debug|Any CPU
		{627A038E-8C32-4005-8D82-A5AA32B5E5EC}.Debug|x64.ActiveCfg = Debug|Any CPU
		{627A038E-8C32-4005-8D82-A5AA32B5E5EC}.Debug|x64.Build.0 = Debug|Any CPU
		{627A038E-8C32-4005-8D82-A5AA32B5E5EC}.Release|Any CPU.ActiveCfg = Release|Any CPU
		{627A038E-8C32-4005-8D82-A5AA32B5E5EC}.Release|Any CPU.Build.0 = Release|Any CPU
		{627A038E-8C32-4005-8D82-A5AA32B5E5EC}.Release|x64.ActiveCfg = Release|Any CPU
		{627A038E-8C32-4005-8D82-A5AA32B5E5EC}.Release|x64.Build.0 = Release|Any CPU
	EndGlobalSection
	GlobalSection(SolutionProperties) = preSolution
		HideSolutionNode = FALSE
	EndGlobalSection
	GlobalSection(ExtensibilityGlobals) = postSolution
		SolutionGuid = {DD36CAD3-8432-4E02-8889-705447C181D4}
	EndGlobalSection
EndGlobal
