
Microsoft Visual Studio Solution File, Format Version 12.00
# Visual Studio Version 16
VisualStudioVersion = 16.0.28803.202
MinimumVisualStudioVersion = 10.0.40219.1
Project("{9A19103F-16F7-4668-BE54-9A1E7A4F7556}") = "UntisExportService.Core", "UntisExportService.Core\UntisExportService.Core.csproj", "{6DB65D9A-3FB7-4854-9959-BBC4BCD592A8}"
EndProject
Project("{9A19103F-16F7-4668-BE54-9A1E7A4F7556}") = "UntisExportService.Console", "UntisExportService.Console\UntisExportService.Console.csproj", "{5E95B929-9069-4054-B4BA-DD2D2D4E0C77}"
EndProject
Project("{FAE04EC0-301F-11D3-BF4B-00C04F79EFBC}") = "UntisExportService.Service", "UntisExportService.Service\UntisExportService.Service.csproj", "{08D16D89-FEFE-44A9-A574-380400EDB961}"
EndProject
Global
	GlobalSection(SolutionConfigurationPlatforms) = preSolution
		Debug|Any CPU = Debug|Any CPU
		Release|Any CPU = Release|Any CPU
	EndGlobalSection
	GlobalSection(ProjectConfigurationPlatforms) = postSolution
		{6DB65D9A-3FB7-4854-9959-BBC4BCD592A8}.Debug|Any CPU.ActiveCfg = Debug|Any CPU
		{6DB65D9A-3FB7-4854-9959-BBC4BCD592A8}.Debug|Any CPU.Build.0 = Debug|Any CPU
		{6DB65D9A-3FB7-4854-9959-BBC4BCD592A8}.Release|Any CPU.ActiveCfg = Release|Any CPU
		{6DB65D9A-3FB7-4854-9959-BBC4BCD592A8}.Release|Any CPU.Build.0 = Release|Any CPU
		{5E95B929-9069-4054-B4BA-DD2D2D4E0C77}.Debug|Any CPU.ActiveCfg = Debug|Any CPU
		{5E95B929-9069-4054-B4BA-DD2D2D4E0C77}.Debug|Any CPU.Build.0 = Debug|Any CPU
		{5E95B929-9069-4054-B4BA-DD2D2D4E0C77}.Release|Any CPU.ActiveCfg = Release|Any CPU
		{5E95B929-9069-4054-B4BA-DD2D2D4E0C77}.Release|Any CPU.Build.0 = Release|Any CPU
		{08D16D89-FEFE-44A9-A574-380400EDB961}.Debug|Any CPU.ActiveCfg = Debug|Any CPU
		{08D16D89-FEFE-44A9-A574-380400EDB961}.Debug|Any CPU.Build.0 = Debug|Any CPU
		{08D16D89-FEFE-44A9-A574-380400EDB961}.Release|Any CPU.ActiveCfg = Release|Any CPU
		{08D16D89-FEFE-44A9-A574-380400EDB961}.Release|Any CPU.Build.0 = Release|Any CPU
	EndGlobalSection
	GlobalSection(SolutionProperties) = preSolution
		HideSolutionNode = FALSE
	EndGlobalSection
	GlobalSection(ExtensibilityGlobals) = postSolution
		SolutionGuid = {DD36CAD3-8432-4E02-8889-705447C181D4}
	EndGlobalSection
EndGlobal
